
Microsoft Visual Studio Solution File, Format Version 12.00
# Visual Studio Version 17
VisualStudioVersion = 17.4.33213.308
MinimumVisualStudioVersion = 10.0.40219.1
Project("{FAE04EC0-301F-11D3-BF4B-00C04F79EFBC}") = "GoGame", "Go-Game\GoGame.csproj", "{BD88B3BA-1CCE-4D61-B094-B2FCB9DBE412}"
EndProject
Global
	GlobalSection(SolutionConfigurationPlatforms) = preSolution
		Debug|Any CPU = Debug|Any CPU
		Release|Any CPU = Release|Any CPU
	EndGlobalSection
	GlobalSection(ProjectConfigurationPlatforms) = postSolution
		{BD88B3BA-1CCE-4D61-B094-B2FCB9DBE412}.Debug|Any CPU.ActiveCfg = Debug|Any CPU
		{BD88B3BA-1CCE-4D61-B094-B2FCB9DBE412}.Debug|Any CPU.Build.0 = Debug|Any CPU
		{BD88B3BA-1CCE-4D61-B094-B2FCB9DBE412}.Release|Any CPU.ActiveCfg = Release|Any CPU
		{BD88B3BA-1CCE-4D61-B094-B2FCB9DBE412}.Release|Any CPU.Build.0 = Release|Any CPU
	EndGlobalSection
	GlobalSection(SolutionProperties) = preSolution
		HideSolutionNode = FALSE
	EndGlobalSection
	GlobalSection(ExtensibilityGlobals) = postSolution
		SolutionGuid = {5768DD5F-457F-447A-B3E4-8DF7EA2CC397}
	EndGlobalSection
EndGlobal
